// !$*UTF8*$!
{
	archiveVersion = 1;
	classes = {
	};
	objectVersion = 50;
	objects = {

/* Begin PBXBuildFile section */
		9EF96DF9F0F59B16B6A28AFB /* Pods_Bement.framework in Frameworks */ = {isa = PBXBuildFile; fileRef = 09035B2370FAF12FC310E549 /* Pods_Bement.framework */; };
		B2045D8A21297F7000272036 /* GlobalVariable.swift in Sources */ = {isa = PBXBuildFile; fileRef = B2045D8921297F7000272036 /* GlobalVariable.swift */; };
		B2045D8C2129818800272036 /* MessagesTableViewCell.swift in Sources */ = {isa = PBXBuildFile; fileRef = B2045D8B2129818800272036 /* MessagesTableViewCell.swift */; };
		B2045DE9212A7DD900272036 /* LocksmithError.swift in Sources */ = {isa = PBXBuildFile; fileRef = B2045DE0212A7DD900272036 /* LocksmithError.swift */; };
		B2045DEA212A7DD900272036 /* Locksmith.swift in Sources */ = {isa = PBXBuildFile; fileRef = B2045DE1212A7DD900272036 /* Locksmith.swift */; };
		B2045DEB212A7DD900272036 /* LocksmithInternetProtocol.swift in Sources */ = {isa = PBXBuildFile; fileRef = B2045DE2212A7DD900272036 /* LocksmithInternetProtocol.swift */; };
		B2045DEC212A7DD900272036 /* LocksmithSecurityClass.swift in Sources */ = {isa = PBXBuildFile; fileRef = B2045DE3212A7DD900272036 /* LocksmithSecurityClass.swift */; };
		B2045DED212A7DD900272036 /* Dictionary_Initializers.swift in Sources */ = {isa = PBXBuildFile; fileRef = B2045DE4212A7DD900272036 /* Dictionary_Initializers.swift */; };
		B2045DEE212A7DD900272036 /* LocksmithAccessibleOption.swift in Sources */ = {isa = PBXBuildFile; fileRef = B2045DE5212A7DD900272036 /* LocksmithAccessibleOption.swift */; };
		B2045DEF212A7DD900272036 /* LocksmithInternetAuthenticationType.swift in Sources */ = {isa = PBXBuildFile; fileRef = B2045DE6212A7DD900272036 /* LocksmithInternetAuthenticationType.swift */; };
		B2045DF2212A7DF700272036 /* Security.framework in Frameworks */ = {isa = PBXBuildFile; fileRef = B2045DF1212A7DF700272036 /* Security.framework */; };
		B23C8E57214C14DF007F1220 /* Interface.storyboard in Resources */ = {isa = PBXBuildFile; fileRef = B23C8E55214C14DF007F1220 /* Interface.storyboard */; };
		B23C8E59214C14E1007F1220 /* Assets.xcassets in Resources */ = {isa = PBXBuildFile; fileRef = B23C8E58214C14E1007F1220 /* Assets.xcassets */; };
		B23C8E60214C14E1007F1220 /* watch Extension.appex in Embed App Extensions */ = {isa = PBXBuildFile; fileRef = B23C8E5F214C14E1007F1220 /* watch Extension.appex */; settings = {ATTRIBUTES = (RemoveHeadersOnCopy, ); }; };
		B23C8E65214C14E1007F1220 /* InterfaceController.swift in Sources */ = {isa = PBXBuildFile; fileRef = B23C8E64214C14E1007F1220 /* InterfaceController.swift */; };
		B23C8E67214C14E1007F1220 /* ExtensionDelegate.swift in Sources */ = {isa = PBXBuildFile; fileRef = B23C8E66214C14E1007F1220 /* ExtensionDelegate.swift */; };
		B23C8E69214C14E1007F1220 /* NotificationController.swift in Sources */ = {isa = PBXBuildFile; fileRef = B23C8E68214C14E1007F1220 /* NotificationController.swift */; };
		B23C8E6B214C14E2007F1220 /* Assets.xcassets in Resources */ = {isa = PBXBuildFile; fileRef = B23C8E6A214C14E2007F1220 /* Assets.xcassets */; };
		B23C8E70214C14E2007F1220 /* watch.app in Embed Watch Content */ = {isa = PBXBuildFile; fileRef = B23C8E53214C14DF007F1220 /* watch.app */; };
		B24B2688212C4ECB00D316F5 /* wifiTableViewController.swift in Sources */ = {isa = PBXBuildFile; fileRef = B24B2687212C4ECB00D316F5 /* wifiTableViewController.swift */; };
		B24B268A212C51DD00D316F5 /* OtherViewController.swift in Sources */ = {isa = PBXBuildFile; fileRef = B24B2689212C51DD00D316F5 /* OtherViewController.swift */; };
		B268D40B21195B06001D7BF1 /* LoginViewController.swift in Sources */ = {isa = PBXBuildFile; fileRef = B268D40A21195B06001D7BF1 /* LoginViewController.swift */; };
		B26C0EEB2119670500750545 /* SF-Pro-Display-Thin.otf in Resources */ = {isa = PBXBuildFile; fileRef = B26C0ECD2119670500750545 /* SF-Pro-Display-Thin.otf */; };
		B26C0EEC2119670500750545 /* SF-Pro-Display-SemiboldItalic.otf in Resources */ = {isa = PBXBuildFile; fileRef = B26C0ECE2119670500750545 /* SF-Pro-Display-SemiboldItalic.otf */; };
		B26C0EED2119670500750545 /* SF-Pro-Text-Heavy.otf in Resources */ = {isa = PBXBuildFile; fileRef = B26C0ECF2119670500750545 /* SF-Pro-Text-Heavy.otf */; };
		B26C0EEE2119670500750545 /* SF-Pro-Display-RegularItalic.otf in Resources */ = {isa = PBXBuildFile; fileRef = B26C0ED02119670500750545 /* SF-Pro-Display-RegularItalic.otf */; };
		B26C0EEF2119670500750545 /* SF-Pro-Display-Light.otf in Resources */ = {isa = PBXBuildFile; fileRef = B26C0ED12119670500750545 /* SF-Pro-Display-Light.otf */; };
		B26C0EF02119670500750545 /* SF-Pro-Display-Regular.otf in Resources */ = {isa = PBXBuildFile; fileRef = B26C0ED22119670500750545 /* SF-Pro-Display-Regular.otf */; };
		B26C0EF12119670500750545 /* SF-Pro-Text-MediumItalic.otf in Resources */ = {isa = PBXBuildFile; fileRef = B26C0ED32119670500750545 /* SF-Pro-Text-MediumItalic.otf */; };
		B26C0EF22119670500750545 /* SF-Pro-Display-Bold.otf in Resources */ = {isa = PBXBuildFile; fileRef = B26C0ED42119670500750545 /* SF-Pro-Display-Bold.otf */; };
		B26C0EF32119670500750545 /* SF-Pro-Display-Medium.otf in Resources */ = {isa = PBXBuildFile; fileRef = B26C0ED52119670500750545 /* SF-Pro-Display-Medium.otf */; };
		B26C0EF42119670500750545 /* SF-Pro-Display-Heavy.otf in Resources */ = {isa = PBXBuildFile; fileRef = B26C0ED62119670500750545 /* SF-Pro-Display-Heavy.otf */; };
		B26C0EF52119670500750545 /* SF-Pro-Text-Light.otf in Resources */ = {isa = PBXBuildFile; fileRef = B26C0ED72119670500750545 /* SF-Pro-Text-Light.otf */; };
		B26C0EF62119670500750545 /* SF-Pro-Display-Semibold.otf in Resources */ = {isa = PBXBuildFile; fileRef = B26C0ED82119670500750545 /* SF-Pro-Display-Semibold.otf */; };
		B26C0EF72119670500750545 /* SF-Pro-Text-Regular.otf in Resources */ = {isa = PBXBuildFile; fileRef = B26C0ED92119670500750545 /* SF-Pro-Text-Regular.otf */; };
		B26C0EF82119670500750545 /* SF-Pro-Text-Bold.otf in Resources */ = {isa = PBXBuildFile; fileRef = B26C0EDA2119670500750545 /* SF-Pro-Text-Bold.otf */; };
		B26C0EF92119670500750545 /* SF-Pro-Display-MediumItalic.otf in Resources */ = {isa = PBXBuildFile; fileRef = B26C0EDB2119670500750545 /* SF-Pro-Display-MediumItalic.otf */; };
		B26C0EFA2119670500750545 /* SF-Pro-Display-HeavyItalic.otf in Resources */ = {isa = PBXBuildFile; fileRef = B26C0EDC2119670500750545 /* SF-Pro-Display-HeavyItalic.otf */; };
		B26C0EFB2119670500750545 /* SF-Pro-Display-Ultralight.otf in Resources */ = {isa = PBXBuildFile; fileRef = B26C0EDD2119670500750545 /* SF-Pro-Display-Ultralight.otf */; };
		B26C0EFC2119670500750545 /* SF-Pro-Display-UltralightItalic.otf in Resources */ = {isa = PBXBuildFile; fileRef = B26C0EDE2119670500750545 /* SF-Pro-Display-UltralightItalic.otf */; };
		B26C0EFD2119670500750545 /* SF-Pro-Display-LightItalic.otf in Resources */ = {isa = PBXBuildFile; fileRef = B26C0EDF2119670500750545 /* SF-Pro-Display-LightItalic.otf */; };
		B26C0EFE2119670500750545 /* SF-Pro-Display-BlackItalic.otf in Resources */ = {isa = PBXBuildFile; fileRef = B26C0EE02119670500750545 /* SF-Pro-Display-BlackItalic.otf */; };
		B26C0EFF2119670500750545 /* SF-Pro-Display-Black.otf in Resources */ = {isa = PBXBuildFile; fileRef = B26C0EE12119670500750545 /* SF-Pro-Display-Black.otf */; };
		B26C0F002119670500750545 /* SF-Pro-Text-BoldItalic.otf in Resources */ = {isa = PBXBuildFile; fileRef = B26C0EE22119670500750545 /* SF-Pro-Text-BoldItalic.otf */; };
		B26C0F012119670500750545 /* SF-Pro-Text-RegularItalic.otf in Resources */ = {isa = PBXBuildFile; fileRef = B26C0EE32119670500750545 /* SF-Pro-Text-RegularItalic.otf */; };
		B26C0F022119670500750545 /* SF-Pro-Text-Semibold.otf in Resources */ = {isa = PBXBuildFile; fileRef = B26C0EE42119670500750545 /* SF-Pro-Text-Semibold.otf */; };
		B26C0F032119670500750545 /* SF-Pro-Text-HeavyItalic.otf in Resources */ = {isa = PBXBuildFile; fileRef = B26C0EE52119670500750545 /* SF-Pro-Text-HeavyItalic.otf */; };
		B26C0F042119670500750545 /* SF-Pro-Display-ThinItalic.otf in Resources */ = {isa = PBXBuildFile; fileRef = B26C0EE62119670500750545 /* SF-Pro-Display-ThinItalic.otf */; };
		B26C0F052119670500750545 /* SF-Pro-Text-LightItalic.otf in Resources */ = {isa = PBXBuildFile; fileRef = B26C0EE72119670500750545 /* SF-Pro-Text-LightItalic.otf */; };
		B26C0F062119670500750545 /* SF-Pro-Text-Medium.otf in Resources */ = {isa = PBXBuildFile; fileRef = B26C0EE82119670500750545 /* SF-Pro-Text-Medium.otf */; };
		B26C0F072119670500750545 /* SF-Pro-Display-BoldItalic.otf in Resources */ = {isa = PBXBuildFile; fileRef = B26C0EE92119670500750545 /* SF-Pro-Display-BoldItalic.otf */; };
		B26C0F082119670500750545 /* SF-Pro-Text-SemiboldItalic.otf in Resources */ = {isa = PBXBuildFile; fileRef = B26C0EEA2119670500750545 /* SF-Pro-Text-SemiboldItalic.otf */; };
		B26C0F0A21196ACB00750545 /* Functions.swift in Sources */ = {isa = PBXBuildFile; fileRef = B26C0F0921196ACB00750545 /* Functions.swift */; };
		B26C0F102119710900750545 /* SupportTableViewController.swift in Sources */ = {isa = PBXBuildFile; fileRef = B26C0F0F2119710900750545 /* SupportTableViewController.swift */; };
		B26C0F122119861100750545 /* LaunchScreen.storyboard in Resources */ = {isa = PBXBuildFile; fileRef = B26C0F112119861100750545 /* LaunchScreen.storyboard */; };
		B2720439211D78590066AC5E /* MessagesTableViewController.swift in Sources */ = {isa = PBXBuildFile; fileRef = B2720438211D78590066AC5E /* MessagesTableViewController.swift */; };
		B272043B211D7DAF0066AC5E /* QuickSubmitViewController.swift in Sources */ = {isa = PBXBuildFile; fileRef = B272043A211D7DAF0066AC5E /* QuickSubmitViewController.swift */; };
		B2766A23214F253300C1D2A9 /* Data.swift in Sources */ = {isa = PBXBuildFile; fileRef = B2766A22214F253300C1D2A9 /* Data.swift */; };
		B295BE82214F325600D7E63C /* CloudKit.framework in Frameworks */ = {isa = PBXBuildFile; fileRef = B295BE81214F325600D7E63C /* CloudKit.framework */; };
		B2A4E662212D98B10079C7E6 /* LocalAuthentication.framework in Frameworks */ = {isa = PBXBuildFile; fileRef = B2A4E660212D98AC0079C7E6 /* LocalAuthentication.framework */; };
		B2B46E79212B046600CA7480 /* Localizable.strings in Resources */ = {isa = PBXBuildFile; fileRef = B2B46E7B212B046600CA7480 /* Localizable.strings */; };
		B2BA44D520EB9FD1009437A7 /* AppDelegate.swift in Sources */ = {isa = PBXBuildFile; fileRef = B2BA44D420EB9FD1009437A7 /* AppDelegate.swift */; };
		B2BA44DA20EB9FD1009437A7 /* Main.storyboard in Resources */ = {isa = PBXBuildFile; fileRef = B2BA44D820EB9FD1009437A7 /* Main.storyboard */; };
		B2BA44DC20EB9FD6009437A7 /* Assets.xcassets in Resources */ = {isa = PBXBuildFile; fileRef = B2BA44DB20EB9FD6009437A7 /* Assets.xcassets */; };
		B2C21A24214B20720086FF11 /* GoogleService-Info.plist in Resources */ = {isa = PBXBuildFile; fileRef = B2C21A23214B20720086FF11 /* GoogleService-Info.plist */; };
		B2C8C971214ED10600A5AF67 /* UpcomingInterfaceController.swift in Sources */ = {isa = PBXBuildFile; fileRef = B2C8C970214ED10600A5AF67 /* UpcomingInterfaceController.swift */; };
		B2C8C973214F0EEF00A5AF67 /* NextDateTableCell.swift in Sources */ = {isa = PBXBuildFile; fileRef = B2C8C972214F0EEF00A5AF67 /* NextDateTableCell.swift */; };
		B2E5B43A212AD48600CF904E /* ErrorsTableViewController.swift in Sources */ = {isa = PBXBuildFile; fileRef = B2E5B439212AD48600CF904E /* ErrorsTableViewController.swift */; };
		B2E5B43C212AD52900CF904E /* MessageInfoViewController.swift in Sources */ = {isa = PBXBuildFile; fileRef = B2E5B43B212AD52900CF904E /* MessageInfoViewController.swift */; };
		B2E5B43E212ADCD800CF904E /* ErrorTableViewCell.swift in Sources */ = {isa = PBXBuildFile; fileRef = B2E5B43D212ADCD800CF904E /* ErrorTableViewCell.swift */; };
		B2E5B440212AE05500CF904E /* ErrorViewController.swift in Sources */ = {isa = PBXBuildFile; fileRef = B2E5B43F212AE05500CF904E /* ErrorViewController.swift */; };
		B2E97A23211AFFF70005BEA9 /* ForgotViewController.swift in Sources */ = {isa = PBXBuildFile; fileRef = B2E97A22211AFFF60005BEA9 /* ForgotViewController.swift */; };
		B2E97A25211B2B4C0005BEA9 /* AdminViewController.swift in Sources */ = {isa = PBXBuildFile; fileRef = B2E97A24211B2B4C0005BEA9 /* AdminViewController.swift */; };
/* End PBXBuildFile section */

/* Begin PBXContainerItemProxy section */
		B23C8E61214C14E1007F1220 /* PBXContainerItemProxy */ = {
			isa = PBXContainerItemProxy;
			containerPortal = B2BA44C920EB9FD1009437A7 /* Project object */;
			proxyType = 1;
			remoteGlobalIDString = B23C8E5E214C14E1007F1220;
			remoteInfo = "watch Extension";
		};
		B23C8E6E214C14E2007F1220 /* PBXContainerItemProxy */ = {
			isa = PBXContainerItemProxy;
			containerPortal = B2BA44C920EB9FD1009437A7 /* Project object */;
			proxyType = 1;
			remoteGlobalIDString = B23C8E52214C14DF007F1220;
			remoteInfo = watch;
		};
/* End PBXContainerItemProxy section */

/* Begin PBXCopyFilesBuildPhase section */
		B23C8E50214C0E53007F1220 /* Embed App Extensions */ = {
			isa = PBXCopyFilesBuildPhase;
			buildActionMask = 2147483647;
			dstPath = "";
			dstSubfolderSpec = 13;
			files = (
			);
			name = "Embed App Extensions";
			runOnlyForDeploymentPostprocessing = 0;
		};
		B23C8E74214C14E2007F1220 /* Embed App Extensions */ = {
			isa = PBXCopyFilesBuildPhase;
			buildActionMask = 2147483647;
			dstPath = "";
			dstSubfolderSpec = 13;
			files = (
				B23C8E60214C14E1007F1220 /* watch Extension.appex in Embed App Extensions */,
			);
			name = "Embed App Extensions";
			runOnlyForDeploymentPostprocessing = 0;
		};
		B23C8E78214C14E2007F1220 /* Embed Watch Content */ = {
			isa = PBXCopyFilesBuildPhase;
			buildActionMask = 2147483647;
			dstPath = "$(CONTENTS_FOLDER_PATH)/Watch";
			dstSubfolderSpec = 16;
			files = (
				B23C8E70214C14E2007F1220 /* watch.app in Embed Watch Content */,
			);
			name = "Embed Watch Content";
			runOnlyForDeploymentPostprocessing = 0;
		};
/* End PBXCopyFilesBuildPhase section */

/* Begin PBXFileReference section */
		09035B2370FAF12FC310E549 /* Pods_Bement.framework */ = {isa = PBXFileReference; explicitFileType = wrapper.framework; includeInIndex = 0; path = Pods_Bement.framework; sourceTree = BUILT_PRODUCTS_DIR; };
		B2045D8921297F7000272036 /* GlobalVariable.swift */ = {isa = PBXFileReference; lastKnownFileType = sourcecode.swift; path = GlobalVariable.swift; sourceTree = "<group>"; };
		B2045D8B2129818800272036 /* MessagesTableViewCell.swift */ = {isa = PBXFileReference; lastKnownFileType = sourcecode.swift; path = MessagesTableViewCell.swift; sourceTree = "<group>"; };
		B2045DE0212A7DD900272036 /* LocksmithError.swift */ = {isa = PBXFileReference; fileEncoding = 4; lastKnownFileType = sourcecode.swift; path = LocksmithError.swift; sourceTree = "<group>"; };
		B2045DE1212A7DD900272036 /* Locksmith.swift */ = {isa = PBXFileReference; fileEncoding = 4; lastKnownFileType = sourcecode.swift; path = Locksmith.swift; sourceTree = "<group>"; };
		B2045DE2212A7DD900272036 /* LocksmithInternetProtocol.swift */ = {isa = PBXFileReference; fileEncoding = 4; lastKnownFileType = sourcecode.swift; path = LocksmithInternetProtocol.swift; sourceTree = "<group>"; };
		B2045DE3212A7DD900272036 /* LocksmithSecurityClass.swift */ = {isa = PBXFileReference; fileEncoding = 4; lastKnownFileType = sourcecode.swift; path = LocksmithSecurityClass.swift; sourceTree = "<group>"; };
		B2045DE4212A7DD900272036 /* Dictionary_Initializers.swift */ = {isa = PBXFileReference; fileEncoding = 4; lastKnownFileType = sourcecode.swift; path = Dictionary_Initializers.swift; sourceTree = "<group>"; };
		B2045DE5212A7DD900272036 /* LocksmithAccessibleOption.swift */ = {isa = PBXFileReference; fileEncoding = 4; lastKnownFileType = sourcecode.swift; path = LocksmithAccessibleOption.swift; sourceTree = "<group>"; };
		B2045DE6212A7DD900272036 /* LocksmithInternetAuthenticationType.swift */ = {isa = PBXFileReference; fileEncoding = 4; lastKnownFileType = sourcecode.swift; path = LocksmithInternetAuthenticationType.swift; sourceTree = "<group>"; };
		B2045DE7212A7DD900272036 /* Locksmith.h */ = {isa = PBXFileReference; fileEncoding = 4; lastKnownFileType = sourcecode.c.h; path = Locksmith.h; sourceTree = "<group>"; };
		B2045DF1212A7DF700272036 /* Security.framework */ = {isa = PBXFileReference; lastKnownFileType = wrapper.framework; name = Security.framework; path = System/Library/Frameworks/Security.framework; sourceTree = SDKROOT; };
		B23C8E3B214C0E53007F1220 /* IntentsUI.framework */ = {isa = PBXFileReference; lastKnownFileType = wrapper.framework; name = IntentsUI.framework; path = System/Library/Frameworks/IntentsUI.framework; sourceTree = SDKROOT; };
		B23C8E53214C14DF007F1220 /* watch.app */ = {isa = PBXFileReference; explicitFileType = wrapper.application; includeInIndex = 0; path = watch.app; sourceTree = BUILT_PRODUCTS_DIR; };
		B23C8E56214C14DF007F1220 /* Base */ = {isa = PBXFileReference; lastKnownFileType = file.storyboard; name = Base; path = Base.lproj/Interface.storyboard; sourceTree = "<group>"; };
		B23C8E58214C14E1007F1220 /* Assets.xcassets */ = {isa = PBXFileReference; lastKnownFileType = folder.assetcatalog; path = Assets.xcassets; sourceTree = "<group>"; };
		B23C8E5A214C14E1007F1220 /* Info.plist */ = {isa = PBXFileReference; lastKnownFileType = text.plist.xml; path = Info.plist; sourceTree = "<group>"; };
		B23C8E5F214C14E1007F1220 /* watch Extension.appex */ = {isa = PBXFileReference; explicitFileType = "wrapper.app-extension"; includeInIndex = 0; path = "watch Extension.appex"; sourceTree = BUILT_PRODUCTS_DIR; };
		B23C8E64214C14E1007F1220 /* InterfaceController.swift */ = {isa = PBXFileReference; lastKnownFileType = sourcecode.swift; path = InterfaceController.swift; sourceTree = "<group>"; };
		B23C8E66214C14E1007F1220 /* ExtensionDelegate.swift */ = {isa = PBXFileReference; lastKnownFileType = sourcecode.swift; path = ExtensionDelegate.swift; sourceTree = "<group>"; };
		B23C8E68214C14E1007F1220 /* NotificationController.swift */ = {isa = PBXFileReference; lastKnownFileType = sourcecode.swift; path = NotificationController.swift; sourceTree = "<group>"; };
		B23C8E6A214C14E2007F1220 /* Assets.xcassets */ = {isa = PBXFileReference; lastKnownFileType = folder.assetcatalog; path = Assets.xcassets; sourceTree = "<group>"; };
		B23C8E6C214C14E2007F1220 /* Info.plist */ = {isa = PBXFileReference; lastKnownFileType = text.plist.xml; path = Info.plist; sourceTree = "<group>"; };
		B23C8E6D214C14E2007F1220 /* PushNotificationPayload.apns */ = {isa = PBXFileReference; lastKnownFileType = text; path = PushNotificationPayload.apns; sourceTree = "<group>"; };
		B24B2687212C4ECB00D316F5 /* wifiTableViewController.swift */ = {isa = PBXFileReference; lastKnownFileType = sourcecode.swift; path = wifiTableViewController.swift; sourceTree = "<group>"; };
		B24B2689212C51DD00D316F5 /* OtherViewController.swift */ = {isa = PBXFileReference; lastKnownFileType = sourcecode.swift; path = OtherViewController.swift; sourceTree = "<group>"; };
		B268D40A21195B06001D7BF1 /* LoginViewController.swift */ = {isa = PBXFileReference; lastKnownFileType = sourcecode.swift; path = LoginViewController.swift; sourceTree = "<group>"; };
		B26C0ECD2119670500750545 /* SF-Pro-Display-Thin.otf */ = {isa = PBXFileReference; lastKnownFileType = file; path = "SF-Pro-Display-Thin.otf"; sourceTree = "<group>"; };
		B26C0ECE2119670500750545 /* SF-Pro-Display-SemiboldItalic.otf */ = {isa = PBXFileReference; lastKnownFileType = file; path = "SF-Pro-Display-SemiboldItalic.otf"; sourceTree = "<group>"; };
		B26C0ECF2119670500750545 /* SF-Pro-Text-Heavy.otf */ = {isa = PBXFileReference; lastKnownFileType = file; path = "SF-Pro-Text-Heavy.otf"; sourceTree = "<group>"; };
		B26C0ED02119670500750545 /* SF-Pro-Display-RegularItalic.otf */ = {isa = PBXFileReference; lastKnownFileType = file; path = "SF-Pro-Display-RegularItalic.otf"; sourceTree = "<group>"; };
		B26C0ED12119670500750545 /* SF-Pro-Display-Light.otf */ = {isa = PBXFileReference; lastKnownFileType = file; path = "SF-Pro-Display-Light.otf"; sourceTree = "<group>"; };
		B26C0ED22119670500750545 /* SF-Pro-Display-Regular.otf */ = {isa = PBXFileReference; lastKnownFileType = file; path = "SF-Pro-Display-Regular.otf"; sourceTree = "<group>"; };
		B26C0ED32119670500750545 /* SF-Pro-Text-MediumItalic.otf */ = {isa = PBXFileReference; lastKnownFileType = file; path = "SF-Pro-Text-MediumItalic.otf"; sourceTree = "<group>"; };
		B26C0ED42119670500750545 /* SF-Pro-Display-Bold.otf */ = {isa = PBXFileReference; lastKnownFileType = file; path = "SF-Pro-Display-Bold.otf"; sourceTree = "<group>"; };
		B26C0ED52119670500750545 /* SF-Pro-Display-Medium.otf */ = {isa = PBXFileReference; lastKnownFileType = file; path = "SF-Pro-Display-Medium.otf"; sourceTree = "<group>"; };
		B26C0ED62119670500750545 /* SF-Pro-Display-Heavy.otf */ = {isa = PBXFileReference; lastKnownFileType = file; path = "SF-Pro-Display-Heavy.otf"; sourceTree = "<group>"; };
		B26C0ED72119670500750545 /* SF-Pro-Text-Light.otf */ = {isa = PBXFileReference; lastKnownFileType = file; path = "SF-Pro-Text-Light.otf"; sourceTree = "<group>"; };
		B26C0ED82119670500750545 /* SF-Pro-Display-Semibold.otf */ = {isa = PBXFileReference; lastKnownFileType = file; path = "SF-Pro-Display-Semibold.otf"; sourceTree = "<group>"; };
		B26C0ED92119670500750545 /* SF-Pro-Text-Regular.otf */ = {isa = PBXFileReference; lastKnownFileType = file; path = "SF-Pro-Text-Regular.otf"; sourceTree = "<group>"; };
		B26C0EDA2119670500750545 /* SF-Pro-Text-Bold.otf */ = {isa = PBXFileReference; lastKnownFileType = file; path = "SF-Pro-Text-Bold.otf"; sourceTree = "<group>"; };
		B26C0EDB2119670500750545 /* SF-Pro-Display-MediumItalic.otf */ = {isa = PBXFileReference; lastKnownFileType = file; path = "SF-Pro-Display-MediumItalic.otf"; sourceTree = "<group>"; };
		B26C0EDC2119670500750545 /* SF-Pro-Display-HeavyItalic.otf */ = {isa = PBXFileReference; lastKnownFileType = file; path = "SF-Pro-Display-HeavyItalic.otf"; sourceTree = "<group>"; };
		B26C0EDD2119670500750545 /* SF-Pro-Display-Ultralight.otf */ = {isa = PBXFileReference; lastKnownFileType = file; path = "SF-Pro-Display-Ultralight.otf"; sourceTree = "<group>"; };
		B26C0EDE2119670500750545 /* SF-Pro-Display-UltralightItalic.otf */ = {isa = PBXFileReference; lastKnownFileType = file; path = "SF-Pro-Display-UltralightItalic.otf"; sourceTree = "<group>"; };
		B26C0EDF2119670500750545 /* SF-Pro-Display-LightItalic.otf */ = {isa = PBXFileReference; lastKnownFileType = file; path = "SF-Pro-Display-LightItalic.otf"; sourceTree = "<group>"; };
		B26C0EE02119670500750545 /* SF-Pro-Display-BlackItalic.otf */ = {isa = PBXFileReference; lastKnownFileType = file; path = "SF-Pro-Display-BlackItalic.otf"; sourceTree = "<group>"; };
		B26C0EE12119670500750545 /* SF-Pro-Display-Black.otf */ = {isa = PBXFileReference; lastKnownFileType = file; path = "SF-Pro-Display-Black.otf"; sourceTree = "<group>"; };
		B26C0EE22119670500750545 /* SF-Pro-Text-BoldItalic.otf */ = {isa = PBXFileReference; lastKnownFileType = file; path = "SF-Pro-Text-BoldItalic.otf"; sourceTree = "<group>"; };
		B26C0EE32119670500750545 /* SF-Pro-Text-RegularItalic.otf */ = {isa = PBXFileReference; lastKnownFileType = file; path = "SF-Pro-Text-RegularItalic.otf"; sourceTree = "<group>"; };
		B26C0EE42119670500750545 /* SF-Pro-Text-Semibold.otf */ = {isa = PBXFileReference; lastKnownFileType = file; path = "SF-Pro-Text-Semibold.otf"; sourceTree = "<group>"; };
		B26C0EE52119670500750545 /* SF-Pro-Text-HeavyItalic.otf */ = {isa = PBXFileReference; lastKnownFileType = file; path = "SF-Pro-Text-HeavyItalic.otf"; sourceTree = "<group>"; };
		B26C0EE62119670500750545 /* SF-Pro-Display-ThinItalic.otf */ = {isa = PBXFileReference; lastKnownFileType = file; path = "SF-Pro-Display-ThinItalic.otf"; sourceTree = "<group>"; };
		B26C0EE72119670500750545 /* SF-Pro-Text-LightItalic.otf */ = {isa = PBXFileReference; lastKnownFileType = file; path = "SF-Pro-Text-LightItalic.otf"; sourceTree = "<group>"; };
		B26C0EE82119670500750545 /* SF-Pro-Text-Medium.otf */ = {isa = PBXFileReference; lastKnownFileType = file; path = "SF-Pro-Text-Medium.otf"; sourceTree = "<group>"; };
		B26C0EE92119670500750545 /* SF-Pro-Display-BoldItalic.otf */ = {isa = PBXFileReference; lastKnownFileType = file; path = "SF-Pro-Display-BoldItalic.otf"; sourceTree = "<group>"; };
		B26C0EEA2119670500750545 /* SF-Pro-Text-SemiboldItalic.otf */ = {isa = PBXFileReference; lastKnownFileType = file; path = "SF-Pro-Text-SemiboldItalic.otf"; sourceTree = "<group>"; };
		B26C0F0921196ACB00750545 /* Functions.swift */ = {isa = PBXFileReference; lastKnownFileType = sourcecode.swift; path = Functions.swift; sourceTree = "<group>"; };
		B26C0F0F2119710900750545 /* SupportTableViewController.swift */ = {isa = PBXFileReference; lastKnownFileType = sourcecode.swift; path = SupportTableViewController.swift; sourceTree = "<group>"; };
		B26C0F112119861100750545 /* LaunchScreen.storyboard */ = {isa = PBXFileReference; fileEncoding = 4; lastKnownFileType = file.storyboard; path = LaunchScreen.storyboard; sourceTree = "<group>"; };
		B2720438211D78590066AC5E /* MessagesTableViewController.swift */ = {isa = PBXFileReference; lastKnownFileType = sourcecode.swift; path = MessagesTableViewController.swift; sourceTree = "<group>"; };
		B272043A211D7DAF0066AC5E /* QuickSubmitViewController.swift */ = {isa = PBXFileReference; lastKnownFileType = sourcecode.swift; path = QuickSubmitViewController.swift; sourceTree = "<group>"; };
		B2766A21214F20FA00C1D2A9 /* watch.entitlements */ = {isa = PBXFileReference; lastKnownFileType = text.plist.entitlements; path = watch.entitlements; sourceTree = "<group>"; };
		B2766A22214F253300C1D2A9 /* Data.swift */ = {isa = PBXFileReference; lastKnownFileType = sourcecode.swift; path = Data.swift; sourceTree = "<group>"; };
		B284DC39212EA58F0052AD67 /* zh-Hans */ = {isa = PBXFileReference; lastKnownFileType = text.plist.strings; name = "zh-Hans"; path = "zh-Hans.lproj/Main.strings"; sourceTree = "<group>"; };
		B295BE81214F325600D7E63C /* CloudKit.framework */ = {isa = PBXFileReference; lastKnownFileType = wrapper.framework; name = CloudKit.framework; path = System/Library/Frameworks/CloudKit.framework; sourceTree = SDKROOT; };
		B2A4E660212D98AC0079C7E6 /* LocalAuthentication.framework */ = {isa = PBXFileReference; lastKnownFileType = wrapper.framework; name = LocalAuthentication.framework; path = System/Library/Frameworks/LocalAuthentication.framework; sourceTree = SDKROOT; };
		B2B46E7A212B046600CA7480 /* en */ = {isa = PBXFileReference; lastKnownFileType = text.plist.strings; name = en; path = en.lproj/Localizable.strings; sourceTree = "<group>"; };
		B2B46E7C212B046A00CA7480 /* zh-Hans */ = {isa = PBXFileReference; lastKnownFileType = text.plist.strings; name = "zh-Hans"; path = "zh-Hans.lproj/Localizable.strings"; sourceTree = "<group>"; };
		B2BA44D120EB9FD1009437A7 /* Bement.app */ = {isa = PBXFileReference; explicitFileType = wrapper.application; includeInIndex = 0; path = Bement.app; sourceTree = BUILT_PRODUCTS_DIR; };
		B2BA44D420EB9FD1009437A7 /* AppDelegate.swift */ = {isa = PBXFileReference; lastKnownFileType = sourcecode.swift; path = AppDelegate.swift; sourceTree = "<group>"; };
		B2BA44D920EB9FD1009437A7 /* Base */ = {isa = PBXFileReference; lastKnownFileType = file.storyboard; name = Base; path = Base.lproj/Main.storyboard; sourceTree = "<group>"; };
		B2BA44DB20EB9FD6009437A7 /* Assets.xcassets */ = {isa = PBXFileReference; lastKnownFileType = folder.assetcatalog; path = Assets.xcassets; sourceTree = "<group>"; };
		B2BA44E020EB9FD6009437A7 /* Info.plist */ = {isa = PBXFileReference; lastKnownFileType = text.plist.xml; path = Info.plist; sourceTree = "<group>"; };
		B2C21A23214B20720086FF11 /* GoogleService-Info.plist */ = {isa = PBXFileReference; fileEncoding = 4; lastKnownFileType = text.plist.xml; path = "GoogleService-Info.plist"; sourceTree = "<group>"; };
		B2C8C970214ED10600A5AF67 /* UpcomingInterfaceController.swift */ = {isa = PBXFileReference; lastKnownFileType = sourcecode.swift; path = UpcomingInterfaceController.swift; sourceTree = "<group>"; };
		B2C8C972214F0EEF00A5AF67 /* NextDateTableCell.swift */ = {isa = PBXFileReference; lastKnownFileType = sourcecode.swift; path = NextDateTableCell.swift; sourceTree = "<group>"; };
		B2E5B439212AD48600CF904E /* ErrorsTableViewController.swift */ = {isa = PBXFileReference; lastKnownFileType = sourcecode.swift; path = ErrorsTableViewController.swift; sourceTree = "<group>"; };
		B2E5B43B212AD52900CF904E /* MessageInfoViewController.swift */ = {isa = PBXFileReference; lastKnownFileType = sourcecode.swift; path = MessageInfoViewController.swift; sourceTree = "<group>"; };
		B2E5B43D212ADCD800CF904E /* ErrorTableViewCell.swift */ = {isa = PBXFileReference; lastKnownFileType = sourcecode.swift; path = ErrorTableViewCell.swift; sourceTree = "<group>"; };
		B2E5B43F212AE05500CF904E /* ErrorViewController.swift */ = {isa = PBXFileReference; lastKnownFileType = sourcecode.swift; path = ErrorViewController.swift; sourceTree = "<group>"; };
		B2E97A22211AFFF60005BEA9 /* ForgotViewController.swift */ = {isa = PBXFileReference; lastKnownFileType = sourcecode.swift; path = ForgotViewController.swift; sourceTree = "<group>"; };
		B2E97A24211B2B4C0005BEA9 /* AdminViewController.swift */ = {isa = PBXFileReference; lastKnownFileType = sourcecode.swift; path = AdminViewController.swift; sourceTree = "<group>"; };
		B2E97A26211B2B890005BEA9 /* Bement.entitlements */ = {isa = PBXFileReference; lastKnownFileType = text.plist.entitlements; path = Bement.entitlements; sourceTree = "<group>"; };
/* End PBXFileReference section */

/* Begin PBXFrameworksBuildPhase section */
		0D3B4D75C2DE181B92FBB7AE /* Frameworks */ = {
			isa = PBXFrameworksBuildPhase;
			buildActionMask = 2147483647;
			files = (
			);
			runOnlyForDeploymentPostprocessing = 0;
		};
		B23C8E5C214C14E1007F1220 /* Frameworks */ = {
			isa = PBXFrameworksBuildPhase;
			buildActionMask = 2147483647;
			files = (
			);
			runOnlyForDeploymentPostprocessing = 0;
		};
		B2BA44CE20EB9FD1009437A7 /* Frameworks */ = {
			isa = PBXFrameworksBuildPhase;
			buildActionMask = 2147483647;
			files = (
				B2A4E662212D98B10079C7E6 /* LocalAuthentication.framework in Frameworks */,
				B295BE82214F325600D7E63C /* CloudKit.framework in Frameworks */,
				B2045DF2212A7DF700272036 /* Security.framework in Frameworks */,
				9EF96DF9F0F59B16B6A28AFB /* Pods_Bement.framework in Frameworks */,
			);
			runOnlyForDeploymentPostprocessing = 0;
		};
/* End PBXFrameworksBuildPhase section */

/* Begin PBXGroup section */
		B2045DDF212A7DD900272036 /* Locksmith */ = {
			isa = PBXGroup;
			children = (
				B2045DE0212A7DD900272036 /* LocksmithError.swift */,
				B2045DE1212A7DD900272036 /* Locksmith.swift */,
				B2045DE2212A7DD900272036 /* LocksmithInternetProtocol.swift */,
				B2045DE3212A7DD900272036 /* LocksmithSecurityClass.swift */,
				B2045DE4212A7DD900272036 /* Dictionary_Initializers.swift */,
				B2045DE5212A7DD900272036 /* LocksmithAccessibleOption.swift */,
				B2045DE6212A7DD900272036 /* LocksmithInternetAuthenticationType.swift */,
				B2045DE7212A7DD900272036 /* Locksmith.h */,
			);
			path = Locksmith;
			sourceTree = "<group>";
		};
		B23C8E54214C14DF007F1220 /* watch */ = {
			isa = PBXGroup;
			children = (
				B2766A21214F20FA00C1D2A9 /* watch.entitlements */,
				B23C8E55214C14DF007F1220 /* Interface.storyboard */,
				B23C8E58214C14E1007F1220 /* Assets.xcassets */,
				B23C8E5A214C14E1007F1220 /* Info.plist */,
			);
			path = watch;
			sourceTree = "<group>";
		};
		B23C8E63214C14E1007F1220 /* watch Extension */ = {
			isa = PBXGroup;
			children = (
				B23C8E64214C14E1007F1220 /* InterfaceController.swift */,
				B2C8C970214ED10600A5AF67 /* UpcomingInterfaceController.swift */,
				B2C8C972214F0EEF00A5AF67 /* NextDateTableCell.swift */,
				B23C8E66214C14E1007F1220 /* ExtensionDelegate.swift */,
				B23C8E68214C14E1007F1220 /* NotificationController.swift */,
				B2766A22214F253300C1D2A9 /* Data.swift */,
				B23C8E6A214C14E2007F1220 /* Assets.xcassets */,
				B23C8E6C214C14E2007F1220 /* Info.plist */,
				B23C8E6D214C14E2007F1220 /* PushNotificationPayload.apns */,
			);
			path = "watch Extension";
			sourceTree = "<group>";
		};
		B268D40C2119667B001D7BF1 /* Resources */ = {
			isa = PBXGroup;
			children = (
				B26C0ECC2119670500750545 /* SF Pro */,
			);
			path = Resources;
			sourceTree = "<group>";
		};
		B26C0ECC2119670500750545 /* SF Pro */ = {
			isa = PBXGroup;
			children = (
				B26C0ECD2119670500750545 /* SF-Pro-Display-Thin.otf */,
				B26C0ECE2119670500750545 /* SF-Pro-Display-SemiboldItalic.otf */,
				B26C0ECF2119670500750545 /* SF-Pro-Text-Heavy.otf */,
				B26C0ED02119670500750545 /* SF-Pro-Display-RegularItalic.otf */,
				B26C0ED12119670500750545 /* SF-Pro-Display-Light.otf */,
				B26C0ED22119670500750545 /* SF-Pro-Display-Regular.otf */,
				B26C0ED32119670500750545 /* SF-Pro-Text-MediumItalic.otf */,
				B26C0ED42119670500750545 /* SF-Pro-Display-Bold.otf */,
				B26C0ED52119670500750545 /* SF-Pro-Display-Medium.otf */,
				B26C0ED62119670500750545 /* SF-Pro-Display-Heavy.otf */,
				B26C0ED72119670500750545 /* SF-Pro-Text-Light.otf */,
				B26C0ED82119670500750545 /* SF-Pro-Display-Semibold.otf */,
				B26C0ED92119670500750545 /* SF-Pro-Text-Regular.otf */,
				B26C0EDA2119670500750545 /* SF-Pro-Text-Bold.otf */,
				B26C0EDB2119670500750545 /* SF-Pro-Display-MediumItalic.otf */,
				B26C0EDC2119670500750545 /* SF-Pro-Display-HeavyItalic.otf */,
				B26C0EDD2119670500750545 /* SF-Pro-Display-Ultralight.otf */,
				B26C0EDE2119670500750545 /* SF-Pro-Display-UltralightItalic.otf */,
				B26C0EDF2119670500750545 /* SF-Pro-Display-LightItalic.otf */,
				B26C0EE02119670500750545 /* SF-Pro-Display-BlackItalic.otf */,
				B26C0EE12119670500750545 /* SF-Pro-Display-Black.otf */,
				B26C0EE22119670500750545 /* SF-Pro-Text-BoldItalic.otf */,
				B26C0EE32119670500750545 /* SF-Pro-Text-RegularItalic.otf */,
				B26C0EE42119670500750545 /* SF-Pro-Text-Semibold.otf */,
				B26C0EE52119670500750545 /* SF-Pro-Text-HeavyItalic.otf */,
				B26C0EE62119670500750545 /* SF-Pro-Display-ThinItalic.otf */,
				B26C0EE72119670500750545 /* SF-Pro-Text-LightItalic.otf */,
				B26C0EE82119670500750545 /* SF-Pro-Text-Medium.otf */,
				B26C0EE92119670500750545 /* SF-Pro-Display-BoldItalic.otf */,
				B26C0EEA2119670500750545 /* SF-Pro-Text-SemiboldItalic.otf */,
			);
			path = "SF Pro";
			sourceTree = "<group>";
		};
		B2BA44C820EB9FD1009437A7 = {
			isa = PBXGroup;
			children = (
				B2BA44D320EB9FD1009437A7 /* Bement */,
				B23C8E54214C14DF007F1220 /* watch */,
				B23C8E63214C14E1007F1220 /* watch Extension */,
				B2BA44D220EB9FD1009437A7 /* Products */,
				B2E97A27211B2B8D0005BEA9 /* Frameworks */,
			);
			sourceTree = "<group>";
		};
		B2BA44D220EB9FD1009437A7 /* Products */ = {
			isa = PBXGroup;
			children = (
				B2BA44D120EB9FD1009437A7 /* Bement.app */,
				B23C8E53214C14DF007F1220 /* watch.app */,
				B23C8E5F214C14E1007F1220 /* watch Extension.appex */,
			);
			name = Products;
			sourceTree = "<group>";
		};
		B2BA44D320EB9FD1009437A7 /* Bement */ = {
			isa = PBXGroup;
			children = (
				B2E97A26211B2B890005BEA9 /* Bement.entitlements */,
				B2BA44D420EB9FD1009437A7 /* AppDelegate.swift */,
				B268D40A21195B06001D7BF1 /* LoginViewController.swift */,
				B2E97A24211B2B4C0005BEA9 /* AdminViewController.swift */,
				B2720438211D78590066AC5E /* MessagesTableViewController.swift */,
				B2045D8B2129818800272036 /* MessagesTableViewCell.swift */,
				B2E5B43B212AD52900CF904E /* MessageInfoViewController.swift */,
				B2E5B439212AD48600CF904E /* ErrorsTableViewController.swift */,
				B2E5B43D212ADCD800CF904E /* ErrorTableViewCell.swift */,
				B2E5B43F212AE05500CF904E /* ErrorViewController.swift */,
				B26C0F0F2119710900750545 /* SupportTableViewController.swift */,
				B272043A211D7DAF0066AC5E /* QuickSubmitViewController.swift */,
				B2E97A22211AFFF60005BEA9 /* ForgotViewController.swift */,
				B24B2687212C4ECB00D316F5 /* wifiTableViewController.swift */,
				B24B2689212C51DD00D316F5 /* OtherViewController.swift */,
				B26C0F0921196ACB00750545 /* Functions.swift */,
				B2045D8921297F7000272036 /* GlobalVariable.swift */,
				B2BA44D820EB9FD1009437A7 /* Main.storyboard */,
				B26C0F112119861100750545 /* LaunchScreen.storyboard */,
				B2BA44DB20EB9FD6009437A7 /* Assets.xcassets */,
				B2B46E7B212B046600CA7480 /* Localizable.strings */,
				B2045DDF212A7DD900272036 /* Locksmith */,
				B268D40C2119667B001D7BF1 /* Resources */,
				B2C21A23214B20720086FF11 /* GoogleService-Info.plist */,
				B2BA44E020EB9FD6009437A7 /* Info.plist */,
			);
			path = Bement;
			sourceTree = "<group>";
		};
		B2E97A27211B2B8D0005BEA9 /* Frameworks */ = {
			isa = PBXGroup;
			children = (
				B295BE81214F325600D7E63C /* CloudKit.framework */,
				B2A4E660212D98AC0079C7E6 /* LocalAuthentication.framework */,
				B2045DF1212A7DF700272036 /* Security.framework */,
				09035B2370FAF12FC310E549 /* Pods_Bement.framework */,
				B23C8E3B214C0E53007F1220 /* IntentsUI.framework */,
			);
			name = Frameworks;
			sourceTree = "<group>";
		};
/* End PBXGroup section */

/* Begin PBXNativeTarget section */
		B23C8E52214C14DF007F1220 /* watch */ = {
			isa = PBXNativeTarget;
			buildConfigurationList = B23C8E75214C14E2007F1220 /* Build configuration list for PBXNativeTarget "watch" */;
			buildPhases = (
				B23C8E51214C14DF007F1220 /* Resources */,
				B23C8E74214C14E2007F1220 /* Embed App Extensions */,
				0D3B4D75C2DE181B92FBB7AE /* Frameworks */,
			);
			buildRules = (
			);
			dependencies = (
				B23C8E62214C14E1007F1220 /* PBXTargetDependency */,
			);
			name = watch;
			productName = watch;
			productReference = B23C8E53214C14DF007F1220 /* watch.app */;
			productType = "com.apple.product-type.application.watchapp2";
		};
		B23C8E5E214C14E1007F1220 /* watch Extension */ = {
			isa = PBXNativeTarget;
			buildConfigurationList = B23C8E71214C14E2007F1220 /* Build configuration list for PBXNativeTarget "watch Extension" */;
			buildPhases = (
				B23C8E5B214C14E1007F1220 /* Sources */,
				B23C8E5C214C14E1007F1220 /* Frameworks */,
				B23C8E5D214C14E1007F1220 /* Resources */,
			);
			buildRules = (
			);
			dependencies = (
			);
			name = "watch Extension";
			productName = "watch Extension";
			productReference = B23C8E5F214C14E1007F1220 /* watch Extension.appex */;
			productType = "com.apple.product-type.watchkit2-extension";
		};
		B2BA44D020EB9FD1009437A7 /* Bement */ = {
			isa = PBXNativeTarget;
			buildConfigurationList = B2BA44E320EB9FD6009437A7 /* Build configuration list for PBXNativeTarget "Bement" */;
			buildPhases = (
				BEA5911B8CD02F60A7DF98ED /* [CP] Check Pods Manifest.lock */,
				B2BA44CD20EB9FD1009437A7 /* Sources */,
				B2BA44CE20EB9FD1009437A7 /* Frameworks */,
				B2BA44CF20EB9FD1009437A7 /* Resources */,
				B23C8E50214C0E53007F1220 /* Embed App Extensions */,
				B23C8E78214C14E2007F1220 /* Embed Watch Content */,
			);
			buildRules = (
			);
			dependencies = (
				B23C8E6F214C14E2007F1220 /* PBXTargetDependency */,
			);
			name = Bement;
			productName = Bement;
			productReference = B2BA44D120EB9FD1009437A7 /* Bement.app */;
			productType = "com.apple.product-type.application";
		};
/* End PBXNativeTarget section */

/* Begin PBXProject section */
		B2BA44C920EB9FD1009437A7 /* Project object */ = {
			isa = PBXProject;
			attributes = {
				LastSwiftUpdateCheck = 1000;
				LastUpgradeCheck = 1000;
				ORGANIZATIONNAME = "Numeric Design";
				TargetAttributes = {
					B23C8E52214C14DF007F1220 = {
						CreatedOnToolsVersion = 10.0;
						SystemCapabilities = {
							com.apple.ApplicationGroups.iOS = {
								enabled = 0;
							};
						};
					};
					B23C8E5E214C14E1007F1220 = {
						CreatedOnToolsVersion = 10.0;
					};
					B2BA44D020EB9FD1009437A7 = {
						CreatedOnToolsVersion = 10.0;
						SystemCapabilities = {
							com.apple.ApplicationGroups.iOS = {
								enabled = 0;
							};
							com.apple.Keychain = {
								enabled = 1;
							};
							com.apple.Push = {
								enabled = 1;
							};
							com.apple.Siri = {
								enabled = 0;
							};
							com.apple.iCloud = {
								enabled = 1;
							};
						};
					};
				};
			};
			buildConfigurationList = B2BA44CC20EB9FD1009437A7 /* Build configuration list for PBXProject "Bement" */;
			compatibilityVersion = "Xcode 9.3";
			developmentRegion = en;
			hasScannedForEncodings = 0;
			knownRegions = (
				en,
				Base,
				"zh-Hans",
			);
			mainGroup = B2BA44C820EB9FD1009437A7;
			productRefGroup = B2BA44D220EB9FD1009437A7 /* Products */;
			projectDirPath = "";
			projectRoot = "";
			targets = (
				B2BA44D020EB9FD1009437A7 /* Bement */,
				B23C8E52214C14DF007F1220 /* watch */,
				B23C8E5E214C14E1007F1220 /* watch Extension */,
			);
		};
/* End PBXProject section */

/* Begin PBXResourcesBuildPhase section */
		B23C8E51214C14DF007F1220 /* Resources */ = {
			isa = PBXResourcesBuildPhase;
			buildActionMask = 2147483647;
			files = (
				B23C8E59214C14E1007F1220 /* Assets.xcassets in Resources */,
				B23C8E57214C14DF007F1220 /* Interface.storyboard in Resources */,
			);
			runOnlyForDeploymentPostprocessing = 0;
		};
		B23C8E5D214C14E1007F1220 /* Resources */ = {
			isa = PBXResourcesBuildPhase;
			buildActionMask = 2147483647;
			files = (
				B23C8E6B214C14E2007F1220 /* Assets.xcassets in Resources */,
			);
			runOnlyForDeploymentPostprocessing = 0;
		};
		B2BA44CF20EB9FD1009437A7 /* Resources */ = {
			isa = PBXResourcesBuildPhase;
			buildActionMask = 2147483647;
			files = (
				B26C0EFC2119670500750545 /* SF-Pro-Display-UltralightItalic.otf in Resources */,
				B26C0EF32119670500750545 /* SF-Pro-Display-Medium.otf in Resources */,
				B26C0F012119670500750545 /* SF-Pro-Text-RegularItalic.otf in Resources */,
				B26C0EF12119670500750545 /* SF-Pro-Text-MediumItalic.otf in Resources */,
				B26C0F002119670500750545 /* SF-Pro-Text-BoldItalic.otf in Resources */,
				B26C0EEB2119670500750545 /* SF-Pro-Display-Thin.otf in Resources */,
				B26C0F022119670500750545 /* SF-Pro-Text-Semibold.otf in Resources */,
				B26C0EED2119670500750545 /* SF-Pro-Text-Heavy.otf in Resources */,
				B26C0EFA2119670500750545 /* SF-Pro-Display-HeavyItalic.otf in Resources */,
				B26C0F122119861100750545 /* LaunchScreen.storyboard in Resources */,
				B26C0EF92119670500750545 /* SF-Pro-Display-MediumItalic.otf in Resources */,
				B26C0F052119670500750545 /* SF-Pro-Text-LightItalic.otf in Resources */,
				B26C0EEE2119670500750545 /* SF-Pro-Display-RegularItalic.otf in Resources */,
				B26C0F032119670500750545 /* SF-Pro-Text-HeavyItalic.otf in Resources */,
				B26C0F062119670500750545 /* SF-Pro-Text-Medium.otf in Resources */,
				B26C0EFD2119670500750545 /* SF-Pro-Display-LightItalic.otf in Resources */,
				B26C0EFE2119670500750545 /* SF-Pro-Display-BlackItalic.otf in Resources */,
				B2B46E79212B046600CA7480 /* Localizable.strings in Resources */,
				B26C0EFB2119670500750545 /* SF-Pro-Display-Ultralight.otf in Resources */,
				B26C0EFF2119670500750545 /* SF-Pro-Display-Black.otf in Resources */,
				B26C0F072119670500750545 /* SF-Pro-Display-BoldItalic.otf in Resources */,
				B26C0F082119670500750545 /* SF-Pro-Text-SemiboldItalic.otf in Resources */,
				B26C0EF72119670500750545 /* SF-Pro-Text-Regular.otf in Resources */,
				B2BA44DC20EB9FD6009437A7 /* Assets.xcassets in Resources */,
				B26C0EF42119670500750545 /* SF-Pro-Display-Heavy.otf in Resources */,
				B26C0EF82119670500750545 /* SF-Pro-Text-Bold.otf in Resources */,
				B2BA44DA20EB9FD1009437A7 /* Main.storyboard in Resources */,
				B2C21A24214B20720086FF11 /* GoogleService-Info.plist in Resources */,
				B26C0EEF2119670500750545 /* SF-Pro-Display-Light.otf in Resources */,
				B26C0EF02119670500750545 /* SF-Pro-Display-Regular.otf in Resources */,
				B26C0EEC2119670500750545 /* SF-Pro-Display-SemiboldItalic.otf in Resources */,
				B26C0EF62119670500750545 /* SF-Pro-Display-Semibold.otf in Resources */,
				B26C0EF52119670500750545 /* SF-Pro-Text-Light.otf in Resources */,
				B26C0F042119670500750545 /* SF-Pro-Display-ThinItalic.otf in Resources */,
				B26C0EF22119670500750545 /* SF-Pro-Display-Bold.otf in Resources */,
			);
			runOnlyForDeploymentPostprocessing = 0;
		};
/* End PBXResourcesBuildPhase section */

/* Begin PBXShellScriptBuildPhase section */
		BEA5911B8CD02F60A7DF98ED /* [CP] Check Pods Manifest.lock */ = {
			isa = PBXShellScriptBuildPhase;
			buildActionMask = 2147483647;
			files = (
			);
			inputPaths = (
				"${PODS_PODFILE_DIR_PATH}/Podfile.lock",
				"${PODS_ROOT}/Manifest.lock",
			);
			name = "[CP] Check Pods Manifest.lock";
			outputPaths = (
				"$(DERIVED_FILE_DIR)/Pods-Bement-checkManifestLockResult.txt",
			);
			runOnlyForDeploymentPostprocessing = 0;
			shellPath = /bin/sh;
			shellScript = "diff \"${PODS_PODFILE_DIR_PATH}/Podfile.lock\" \"${PODS_ROOT}/Manifest.lock\" > /dev/null\nif [ $? != 0 ] ; then\n    # print error to STDERR\n    echo \"error: The sandbox is not in sync with the Podfile.lock. Run 'pod install' or update your CocoaPods installation.\" >&2\n    exit 1\nfi\n# This output is used by Xcode 'outputs' to avoid re-running this script phase.\necho \"SUCCESS\" > \"${SCRIPT_OUTPUT_FILE_0}\"\n";
			showEnvVarsInLog = 0;
		};
/* End PBXShellScriptBuildPhase section */

/* Begin PBXSourcesBuildPhase section */
		B23C8E5B214C14E1007F1220 /* Sources */ = {
			isa = PBXSourcesBuildPhase;
			buildActionMask = 2147483647;
			files = (
				B23C8E69214C14E1007F1220 /* NotificationController.swift in Sources */,
				B2766A23214F253300C1D2A9 /* Data.swift in Sources */,
				B2C8C973214F0EEF00A5AF67 /* NextDateTableCell.swift in Sources */,
				B2C8C971214ED10600A5AF67 /* UpcomingInterfaceController.swift in Sources */,
				B23C8E67214C14E1007F1220 /* ExtensionDelegate.swift in Sources */,
				B23C8E65214C14E1007F1220 /* InterfaceController.swift in Sources */,
			);
			runOnlyForDeploymentPostprocessing = 0;
		};
		B2BA44CD20EB9FD1009437A7 /* Sources */ = {
			isa = PBXSourcesBuildPhase;
			buildActionMask = 2147483647;
			files = (
				B2E5B43A212AD48600CF904E /* ErrorsTableViewController.swift in Sources */,
				B2720439211D78590066AC5E /* MessagesTableViewController.swift in Sources */,
				B272043B211D7DAF0066AC5E /* QuickSubmitViewController.swift in Sources */,
				B2045DEC212A7DD900272036 /* LocksmithSecurityClass.swift in Sources */,
				B24B2688212C4ECB00D316F5 /* wifiTableViewController.swift in Sources */,
				B2045DEF212A7DD900272036 /* LocksmithInternetAuthenticationType.swift in Sources */,
				B2045DEE212A7DD900272036 /* LocksmithAccessibleOption.swift in Sources */,
				B26C0F102119710900750545 /* SupportTableViewController.swift in Sources */,
				B2E5B440212AE05500CF904E /* ErrorViewController.swift in Sources */,
				B268D40B21195B06001D7BF1 /* LoginViewController.swift in Sources */,
				B2BA44D520EB9FD1009437A7 /* AppDelegate.swift in Sources */,
				B24B268A212C51DD00D316F5 /* OtherViewController.swift in Sources */,
				B2E97A25211B2B4C0005BEA9 /* AdminViewController.swift in Sources */,
				B2045DED212A7DD900272036 /* Dictionary_Initializers.swift in Sources */,
				B26C0F0A21196ACB00750545 /* Functions.swift in Sources */,
				B2E5B43E212ADCD800CF904E /* ErrorTableViewCell.swift in Sources */,
				B2045D8C2129818800272036 /* MessagesTableViewCell.swift in Sources */,
				B2E5B43C212AD52900CF904E /* MessageInfoViewController.swift in Sources */,
				B2045DE9212A7DD900272036 /* LocksmithError.swift in Sources */,
				B2E97A23211AFFF70005BEA9 /* ForgotViewController.swift in Sources */,
				B2045DEA212A7DD900272036 /* Locksmith.swift in Sources */,
				B2045D8A21297F7000272036 /* GlobalVariable.swift in Sources */,
				B2045DEB212A7DD900272036 /* LocksmithInternetProtocol.swift in Sources */,
			);
			runOnlyForDeploymentPostprocessing = 0;
		};
/* End PBXSourcesBuildPhase section */

/* Begin PBXTargetDependency section */
		B23C8E62214C14E1007F1220 /* PBXTargetDependency */ = {
			isa = PBXTargetDependency;
			target = B23C8E5E214C14E1007F1220 /* watch Extension */;
			targetProxy = B23C8E61214C14E1007F1220 /* PBXContainerItemProxy */;
		};
		B23C8E6F214C14E2007F1220 /* PBXTargetDependency */ = {
			isa = PBXTargetDependency;
			target = B23C8E52214C14DF007F1220 /* watch */;
			targetProxy = B23C8E6E214C14E2007F1220 /* PBXContainerItemProxy */;
		};
/* End PBXTargetDependency section */

/* Begin PBXVariantGroup section */
		B23C8E55214C14DF007F1220 /* Interface.storyboard */ = {
			isa = PBXVariantGroup;
			children = (
				B23C8E56214C14DF007F1220 /* Base */,
			);
			name = Interface.storyboard;
			sourceTree = "<group>";
		};
		B2B46E7B212B046600CA7480 /* Localizable.strings */ = {
			isa = PBXVariantGroup;
			children = (
				B2B46E7A212B046600CA7480 /* en */,
				B2B46E7C212B046A00CA7480 /* zh-Hans */,
			);
			name = Localizable.strings;
			sourceTree = "<group>";
		};
		B2BA44D820EB9FD1009437A7 /* Main.storyboard */ = {
			isa = PBXVariantGroup;
			children = (
				B2BA44D920EB9FD1009437A7 /* Base */,
				B284DC39212EA58F0052AD67 /* zh-Hans */,
			);
			name = Main.storyboard;
			sourceTree = "<group>";
		};
/* End PBXVariantGroup section */

/* Begin XCBuildConfiguration section */
		B23C8E72214C14E2007F1220 /* Debug */ = {
			isa = XCBuildConfiguration;
			buildSettings = {
				ASSETCATALOG_COMPILER_COMPLICATION_NAME = Complication;
				CODE_SIGN_STYLE = Automatic;
				DEVELOPMENT_TEAM = C58CLY4K2U;
				INFOPLIST_FILE = "watch Extension/Info.plist";
				LD_RUNPATH_SEARCH_PATHS = (
					"$(inherited)",
					"@executable_path/Frameworks",
					"@executable_path/../../Frameworks",
				);
				MTL_FAST_MATH = YES;
				PRODUCT_BUNDLE_IDENTIFIER = org.numericdesign.Bement.watchkitapp.watchkitextension;
				PRODUCT_NAME = "${TARGET_NAME}";
				SDKROOT = watchos;
				SKIP_INSTALL = YES;
				SWIFT_VERSION = 4.2;
				TARGETED_DEVICE_FAMILY = 4;
				WATCHOS_DEPLOYMENT_TARGET = 5.0;
			};
			name = Debug;
		};
		B23C8E73214C14E2007F1220 /* Release */ = {
			isa = XCBuildConfiguration;
			buildSettings = {
				ASSETCATALOG_COMPILER_COMPLICATION_NAME = Complication;
				CODE_SIGN_STYLE = Automatic;
				DEVELOPMENT_TEAM = C58CLY4K2U;
				INFOPLIST_FILE = "watch Extension/Info.plist";
				LD_RUNPATH_SEARCH_PATHS = (
					"$(inherited)",
					"@executable_path/Frameworks",
					"@executable_path/../../Frameworks",
				);
				MTL_FAST_MATH = YES;
				PRODUCT_BUNDLE_IDENTIFIER = org.numericdesign.Bement.watchkitapp.watchkitextension;
				PRODUCT_NAME = "${TARGET_NAME}";
				SDKROOT = watchos;
				SKIP_INSTALL = YES;
				SWIFT_VERSION = 4.2;
				TARGETED_DEVICE_FAMILY = 4;
				WATCHOS_DEPLOYMENT_TARGET = 5.0;
			};
			name = Release;
		};
		B23C8E76214C14E2007F1220 /* Debug */ = {
			isa = XCBuildConfiguration;
			buildSettings = {
				ALWAYS_EMBED_SWIFT_STANDARD_LIBRARIES = YES;
				ASSETCATALOG_COMPILER_APPICON_NAME = AppIcon;
				CODE_SIGN_STYLE = Automatic;
				DEVELOPMENT_TEAM = C58CLY4K2U;
				IBSC_MODULE = watch_Extension;
				INFOPLIST_FILE = watch/Info.plist;
				MTL_FAST_MATH = YES;
				PRODUCT_BUNDLE_IDENTIFIER = org.numericdesign.Bement.watchkitapp;
				PRODUCT_NAME = "$(TARGET_NAME)";
				SDKROOT = watchos;
				SKIP_INSTALL = YES;
				SWIFT_VERSION = 4.2;
				TARGETED_DEVICE_FAMILY = 4;
				WATCHOS_DEPLOYMENT_TARGET = 5.0;
			};
			name = Debug;
		};
		B23C8E77214C14E2007F1220 /* Release */ = {
			isa = XCBuildConfiguration;
			buildSettings = {
				ALWAYS_EMBED_SWIFT_STANDARD_LIBRARIES = YES;
				ASSETCATALOG_COMPILER_APPICON_NAME = AppIcon;
				CODE_SIGN_STYLE = Automatic;
				DEVELOPMENT_TEAM = C58CLY4K2U;
				IBSC_MODULE = watch_Extension;
				INFOPLIST_FILE = watch/Info.plist;
				MTL_FAST_MATH = YES;
				PRODUCT_BUNDLE_IDENTIFIER = org.numericdesign.Bement.watchkitapp;
				PRODUCT_NAME = "$(TARGET_NAME)";
				SDKROOT = watchos;
				SKIP_INSTALL = YES;
				SWIFT_VERSION = 4.2;
				TARGETED_DEVICE_FAMILY = 4;
				WATCHOS_DEPLOYMENT_TARGET = 5.0;
			};
			name = Release;
		};
		B2BA44E120EB9FD6009437A7 /* Debug */ = {
			isa = XCBuildConfiguration;
			buildSettings = {
				ALWAYS_SEARCH_USER_PATHS = NO;
				CLANG_ANALYZER_LOCALIZABILITY_NONLOCALIZED = YES;
				CLANG_ANALYZER_NONNULL = YES;
				CLANG_ANALYZER_NUMBER_OBJECT_CONVERSION = YES_AGGRESSIVE;
				CLANG_CXX_LANGUAGE_STANDARD = "gnu++14";
				CLANG_CXX_LIBRARY = "libc++";
				CLANG_ENABLE_MODULES = YES;
				CLANG_ENABLE_OBJC_ARC = YES;
				CLANG_ENABLE_OBJC_WEAK = YES;
				CLANG_WARN_BLOCK_CAPTURE_AUTORELEASING = YES;
				CLANG_WARN_BOOL_CONVERSION = YES;
				CLANG_WARN_COMMA = YES;
				CLANG_WARN_CONSTANT_CONVERSION = YES;
				CLANG_WARN_DEPRECATED_OBJC_IMPLEMENTATIONS = YES;
				CLANG_WARN_DIRECT_OBJC_ISA_USAGE = YES_ERROR;
				CLANG_WARN_DOCUMENTATION_COMMENTS = YES;
				CLANG_WARN_EMPTY_BODY = YES;
				CLANG_WARN_ENUM_CONVERSION = YES;
				CLANG_WARN_INFINITE_RECURSION = YES;
				CLANG_WARN_INT_CONVERSION = YES;
				CLANG_WARN_NON_LITERAL_NULL_CONVERSION = YES;
				CLANG_WARN_OBJC_IMPLICIT_RETAIN_SELF = YES;
				CLANG_WARN_OBJC_LITERAL_CONVERSION = YES;
				CLANG_WARN_OBJC_ROOT_CLASS = YES_ERROR;
				CLANG_WARN_RANGE_LOOP_ANALYSIS = YES;
				CLANG_WARN_STRICT_PROTOTYPES = YES;
				CLANG_WARN_SUSPICIOUS_MOVE = YES;
				CLANG_WARN_UNGUARDED_AVAILABILITY = YES_AGGRESSIVE;
				CLANG_WARN_UNREACHABLE_CODE = YES;
				CLANG_WARN__DUPLICATE_METHOD_MATCH = YES;
				CODE_SIGN_IDENTITY = "iPhone Developer";
				COPY_PHASE_STRIP = NO;
				DEBUG_INFORMATION_FORMAT = dwarf;
				ENABLE_STRICT_OBJC_MSGSEND = YES;
				ENABLE_TESTABILITY = YES;
				GCC_C_LANGUAGE_STANDARD = gnu11;
				GCC_DYNAMIC_NO_PIC = NO;
				GCC_NO_COMMON_BLOCKS = YES;
				GCC_OPTIMIZATION_LEVEL = 0;
				GCC_PREPROCESSOR_DEFINITIONS = (
					"DEBUG=1",
					"$(inherited)",
				);
				GCC_WARN_64_TO_32_BIT_CONVERSION = YES;
				GCC_WARN_ABOUT_RETURN_TYPE = YES_ERROR;
				GCC_WARN_UNDECLARED_SELECTOR = YES;
				GCC_WARN_UNINITIALIZED_AUTOS = YES_AGGRESSIVE;
				GCC_WARN_UNUSED_FUNCTION = YES;
				GCC_WARN_UNUSED_VARIABLE = YES;
				IPHONEOS_DEPLOYMENT_TARGET = 12.0;
				MTL_ENABLE_DEBUG_INFO = INCLUDE_SOURCE;
				ONLY_ACTIVE_ARCH = YES;
				SDKROOT = iphoneos;
				SWIFT_ACTIVE_COMPILATION_CONDITIONS = DEBUG;
				SWIFT_OPTIMIZATION_LEVEL = "-Onone";
			};
			name = Debug;
		};
		B2BA44E220EB9FD6009437A7 /* Release */ = {
			isa = XCBuildConfiguration;
			buildSettings = {
				ALWAYS_SEARCH_USER_PATHS = NO;
				CLANG_ANALYZER_LOCALIZABILITY_NONLOCALIZED = YES;
				CLANG_ANALYZER_NONNULL = YES;
				CLANG_ANALYZER_NUMBER_OBJECT_CONVERSION = YES_AGGRESSIVE;
				CLANG_CXX_LANGUAGE_STANDARD = "gnu++14";
				CLANG_CXX_LIBRARY = "libc++";
				CLANG_ENABLE_MODULES = YES;
				CLANG_ENABLE_OBJC_ARC = YES;
				CLANG_ENABLE_OBJC_WEAK = YES;
				CLANG_WARN_BLOCK_CAPTURE_AUTORELEASING = YES;
				CLANG_WARN_BOOL_CONVERSION = YES;
				CLANG_WARN_COMMA = YES;
				CLANG_WARN_CONSTANT_CONVERSION = YES;
				CLANG_WARN_DEPRECATED_OBJC_IMPLEMENTATIONS = YES;
				CLANG_WARN_DIRECT_OBJC_ISA_USAGE = YES_ERROR;
				CLANG_WARN_DOCUMENTATION_COMMENTS = YES;
				CLANG_WARN_EMPTY_BODY = YES;
				CLANG_WARN_ENUM_CONVERSION = YES;
				CLANG_WARN_INFINITE_RECURSION = YES;
				CLANG_WARN_INT_CONVERSION = YES;
				CLANG_WARN_NON_LITERAL_NULL_CONVERSION = YES;
				CLANG_WARN_OBJC_IMPLICIT_RETAIN_SELF = YES;
				CLANG_WARN_OBJC_LITERAL_CONVERSION = YES;
				CLANG_WARN_OBJC_ROOT_CLASS = YES_ERROR;
				CLANG_WARN_RANGE_LOOP_ANALYSIS = YES;
				CLANG_WARN_STRICT_PROTOTYPES = YES;
				CLANG_WARN_SUSPICIOUS_MOVE = YES;
				CLANG_WARN_UNGUARDED_AVAILABILITY = YES_AGGRESSIVE;
				CLANG_WARN_UNREACHABLE_CODE = YES;
				CLANG_WARN__DUPLICATE_METHOD_MATCH = YES;
				CODE_SIGN_IDENTITY = "iPhone Developer";
				COPY_PHASE_STRIP = NO;
				DEBUG_INFORMATION_FORMAT = "dwarf-with-dsym";
				ENABLE_NS_ASSERTIONS = NO;
				ENABLE_STRICT_OBJC_MSGSEND = YES;
				GCC_C_LANGUAGE_STANDARD = gnu11;
				GCC_NO_COMMON_BLOCKS = YES;
				GCC_WARN_64_TO_32_BIT_CONVERSION = YES;
				GCC_WARN_ABOUT_RETURN_TYPE = YES_ERROR;
				GCC_WARN_UNDECLARED_SELECTOR = YES;
				GCC_WARN_UNINITIALIZED_AUTOS = YES_AGGRESSIVE;
				GCC_WARN_UNUSED_FUNCTION = YES;
				GCC_WARN_UNUSED_VARIABLE = YES;
				IPHONEOS_DEPLOYMENT_TARGET = 12.0;
				MTL_ENABLE_DEBUG_INFO = NO;
				SDKROOT = iphoneos;
				SWIFT_COMPILATION_MODE = wholemodule;
				SWIFT_OPTIMIZATION_LEVEL = "-O";
				VALIDATE_PRODUCT = YES;
			};
			name = Release;
		};
		B2BA44E420EB9FD6009437A7 /* Debug */ = {
			isa = XCBuildConfiguration;
			buildSettings = {
				ASSETCATALOG_COMPILER_APPICON_NAME = AppIcon;
				CODE_SIGN_ENTITLEMENTS = Bement/Bement.entitlements;
				CODE_SIGN_STYLE = Automatic;
				DEVELOPMENT_TEAM = C58CLY4K2U;
				INFOPLIST_FILE = Bement/Info.plist;
				IPHONEOS_DEPLOYMENT_TARGET = 12.0;
				LD_RUNPATH_SEARCH_PATHS = (
					"$(inherited)",
					"@executable_path/Frameworks",
				);
				PRODUCT_BUNDLE_IDENTIFIER = org.numericdesign.Bement;
				PRODUCT_NAME = "$(TARGET_NAME)";
				SWIFT_VERSION = 4.2;
				TARGETED_DEVICE_FAMILY = "1,2";
			};
			name = Debug;
		};
		B2BA44E520EB9FD6009437A7 /* Release */ = {
			isa = XCBuildConfiguration;
			buildSettings = {
				ASSETCATALOG_COMPILER_APPICON_NAME = AppIcon;
				CODE_SIGN_ENTITLEMENTS = Bement/Bement.entitlements;
				CODE_SIGN_STYLE = Automatic;
				DEVELOPMENT_TEAM = C58CLY4K2U;
				INFOPLIST_FILE = Bement/Info.plist;
				IPHONEOS_DEPLOYMENT_TARGET = 12.0;
				LD_RUNPATH_SEARCH_PATHS = (
					"$(inherited)",
					"@executable_path/Frameworks",
				);
				PRODUCT_BUNDLE_IDENTIFIER = org.numericdesign.Bement;
				PRODUCT_NAME = "$(TARGET_NAME)";
				SWIFT_VERSION = 4.2;
				TARGETED_DEVICE_FAMILY = "1,2";
			};
			name = Release;
		};
/* End XCBuildConfiguration section */

/* Begin XCConfigurationList section */
		B23C8E71214C14E2007F1220 /* Build configuration list for PBXNativeTarget "watch Extension" */ = {
			isa = XCConfigurationList;
			buildConfigurations = (
				B23C8E72214C14E2007F1220 /* Debug */,
				B23C8E73214C14E2007F1220 /* Release */,
			);
			defaultConfigurationIsVisible = 0;
			defaultConfigurationName = Release;
		};
		B23C8E75214C14E2007F1220 /* Build configuration list for PBXNativeTarget "watch" */ = {
			isa = XCConfigurationList;
			buildConfigurations = (
				B23C8E76214C14E2007F1220 /* Debug */,
				B23C8E77214C14E2007F1220 /* Release */,
			);
			defaultConfigurationIsVisible = 0;
			defaultConfigurationName = Release;
		};
		B2BA44CC20EB9FD1009437A7 /* Build configuration list for PBXProject "Bement" */ = {
			isa = XCConfigurationList;
			buildConfigurations = (
				B2BA44E120EB9FD6009437A7 /* Debug */,
				B2BA44E220EB9FD6009437A7 /* Release */,
			);
			defaultConfigurationIsVisible = 0;
			defaultConfigurationName = Release;
		};
		B2BA44E320EB9FD6009437A7 /* Build configuration list for PBXNativeTarget "Bement" */ = {
			isa = XCConfigurationList;
			buildConfigurations = (
				B2BA44E420EB9FD6009437A7 /* Debug */,
				B2BA44E520EB9FD6009437A7 /* Release */,
			);
			defaultConfigurationIsVisible = 0;
			defaultConfigurationName = Release;
		};
/* End XCConfigurationList section */
	};
	rootObject = B2BA44C920EB9FD1009437A7 /* Project object */;
}
